{
  "projects": [
    {
      "projectId": "5dGW8Awro3qq8Hh5MveXLP",
      "version": "1.9.0",
      "dependencies": {},
      "lang": "ts",
      "fileLocks": [
        {
          "assetId": "5dGW8Awro3qq8Hh5MveXLP",
          "type": "projectCss",
          "checksum": "29adfd835160abd3ee65dd5b66872b8a"
        }
      ],
      "codegenVersion": "0.0.1"
    },
    {
      "projectId": "caTPwKxj5ZrD9LQ7DMdK4Z",
      "version": "3.13.0",
      "dependencies": {},
      "lang": "ts",
      "fileLocks": [
        {
          "assetId": "caTPwKxj5ZrD9LQ7DMdK4Z",
          "type": "projectCss",
          "checksum": "5ec17907b444e5bfe21e4e6d853dfb8b"
        }
      ],
      "codegenVersion": "0.0.1"
    },
    {
      "projectId": "8PtdGodUbexNYgkuyBUcWu",
      "version": "3.9.0",
      "dependencies": {},
      "lang": "ts",
      "fileLocks": [
        {
          "assetId": "8PtdGodUbexNYgkuyBUcWu",
          "type": "projectCss",
          "checksum": "76db87539686fc102cccade8b29dbadb"
        },
        {
          "assetId": "8PtdGodUbexNYgkuyBUcWu",
          "checksum": "c48776bba1b3886e93349ddfa619cee9",
          "type": "globalContexts"
        }
      ],
      "codegenVersion": "0.0.1"
    },
    {
      "projectId": "cdtVU2aoa983eSNLcnPTCH",
      "version": "latest",
      "dependencies": {
        "8PtdGodUbexNYgkuyBUcWu": "3.9.0",
        "caTPwKxj5ZrD9LQ7DMdK4Z": "3.13.0",
        "5dGW8Awro3qq8Hh5MveXLP": "1.9.0",
        "58GpZjZCWTaJ8AUhpCwt2K": "3.10.0",
        "7nJ7UcFmq9UzB6eXfC5z4a": "0.10.0"
      },
      "lang": "ts",
      "fileLocks": [
        {
          "type": "globalVariant",
          "assetId": "wAaUT_aBEy9fF",
          "checksum": "c1e3e78a222901d8c0d162ee5710b695"
        },
        {
          "assetId": "cdtVU2aoa983eSNLcnPTCH",
          "checksum": "c6e762e3616e93157465f3d47caa1228",
          "type": "globalContexts"
        },
        {
          "type": "renderModule",
          "assetId": "xhiu32pnNaNx",
          "checksum": "a0c738fe2ebea0b356f05acf0de57851"
        },
        {
          "type": "cssRules",
          "assetId": "xhiu32pnNaNx",
          "checksum": "a0c738fe2ebea0b356f05acf0de57851"
        },
        {
          "type": "renderModule",
          "assetId": "HwoXNYbE4G",
          "checksum": "556e3e400d4eaae48c7934a6b4fb7b5f"
        },
        {
          "type": "cssRules",
          "assetId": "HwoXNYbE4G",
          "checksum": "556e3e400d4eaae48c7934a6b4fb7b5f"
        },
        {
          "type": "renderModule",
          "assetId": "6AWtVhh-Wd",
          "checksum": "5cb4048206cfefdd84847ff28e70333e"
        },
        {
          "type": "cssRules",
          "assetId": "6AWtVhh-Wd",
          "checksum": "5cb4048206cfefdd84847ff28e70333e"
        },
        {
          "type": "renderModule",
          "assetId": "FPBQp8U_jV",
          "checksum": "4b6cdde2ed96e4614f98469b716b2d55"
        },
        {
          "type": "cssRules",
          "assetId": "FPBQp8U_jV",
          "checksum": "4b6cdde2ed96e4614f98469b716b2d55"
        },
        {
          "type": "icon",
          "assetId": "4ykfxNS0iVW",
          "checksum": "b1650467567c7d73346367b4eac8c822"
        },
        {
          "assetId": "cdtVU2aoa983eSNLcnPTCH",
          "type": "projectCss",
          "checksum": "b838194e710225cf0681b835a263a1b7"
        },
        {
          "type": "renderModule",
          "assetId": "hSfSvIyAAK",
          "checksum": "4028d8e8418b2c591e8c54c08b57603f"
        },
        {
          "type": "cssRules",
          "assetId": "hSfSvIyAAK",
          "checksum": "4028d8e8418b2c591e8c54c08b57603f"
        },
        {
          "type": "renderModule",
          "assetId": "v4YuLx5wo-y",
          "checksum": "294fcafc2e4ee9872537e2311eb32701"
        },
        {
          "type": "cssRules",
          "assetId": "v4YuLx5wo-y",
          "checksum": "294fcafc2e4ee9872537e2311eb32701"
        },
        {
          "type": "renderModule",
          "assetId": "GY9RBRElzw",
          "checksum": "882aabdaa4a2e8765a7b173565ab7e49"
        },
        {
          "type": "cssRules",
          "assetId": "GY9RBRElzw",
          "checksum": "882aabdaa4a2e8765a7b173565ab7e49"
        },
        {
          "type": "renderModule",
          "assetId": "D1vcmOGPyK",
          "checksum": "2d2946144d129ae01efc1aa34e65cba9"
        },
        {
          "type": "cssRules",
          "assetId": "D1vcmOGPyK",
          "checksum": "2d2946144d129ae01efc1aa34e65cba9"
        },
        {
          "type": "renderModule",
          "assetId": "SaUCoIjcWy",
          "checksum": "087405ca0772b4dfaca0a01466482170"
        },
        {
          "type": "cssRules",
          "assetId": "SaUCoIjcWy",
          "checksum": "087405ca0772b4dfaca0a01466482170"
        },
        {
          "type": "renderModule",
          "assetId": "p-1N3pD5ib",
          "checksum": "2667628dc7ebfb4cb4062e0293b8a41d"
        },
        {
          "type": "cssRules",
          "assetId": "p-1N3pD5ib",
          "checksum": "2667628dc7ebfb4cb4062e0293b8a41d"
        },
        {
          "type": "renderModule",
          "assetId": "sXNCWOsCp-",
          "checksum": "4fe44dddecd8e5f7fdaf99ebde391f60"
        },
        {
          "type": "cssRules",
          "assetId": "sXNCWOsCp-",
          "checksum": "4fe44dddecd8e5f7fdaf99ebde391f60"
        },
        {
          "type": "renderModule",
          "assetId": "10FdlBYDeF",
          "checksum": "31fa449d3e93ffdf2c9f26092f830577"
        },
        {
          "type": "cssRules",
          "assetId": "10FdlBYDeF",
          "checksum": "31fa449d3e93ffdf2c9f26092f830577"
        },
        {
          "type": "renderModule",
          "assetId": "ITD8DzkEoN",
          "checksum": "ba6334b7bc0283f04836f52cd580c46b"
        },
        {
          "type": "cssRules",
          "assetId": "ITD8DzkEoN",
          "checksum": "ba6334b7bc0283f04836f52cd580c46b"
        },
        {
          "type": "renderModule",
          "assetId": "whhsKMSBTO",
          "checksum": "8f23f8574d0f4051c5d16475a2d1486b"
        },
        {
          "type": "cssRules",
          "assetId": "whhsKMSBTO",
          "checksum": "8f23f8574d0f4051c5d16475a2d1486b"
        },
        {
          "type": "renderModule",
          "assetId": "uwixa4PtPw",
          "checksum": "7827cb30c1768dbebd87871f508aeea2"
        },
        {
          "type": "cssRules",
          "assetId": "uwixa4PtPw",
          "checksum": "7827cb30c1768dbebd87871f508aeea2"
        },
        {
          "type": "renderModule",
          "assetId": "6wpxWKxK6M",
          "checksum": "916f0f23844d359ce05cc1abd98d6a6d"
        },
        {
          "type": "cssRules",
          "assetId": "6wpxWKxK6M",
          "checksum": "916f0f23844d359ce05cc1abd98d6a6d"
        },
        {
          "type": "renderModule",
          "assetId": "IYs4S8surL",
          "checksum": "f15aa7b06266a2e5963b4896a8e79539"
        },
        {
          "type": "cssRules",
          "assetId": "IYs4S8surL",
          "checksum": "f15aa7b06266a2e5963b4896a8e79539"
        },
        {
          "type": "renderModule",
          "assetId": "uQMxosl-9Q",
          "checksum": "524e4af80d326fdf406c4d2acf6773e8"
        },
        {
          "type": "cssRules",
          "assetId": "uQMxosl-9Q",
          "checksum": "524e4af80d326fdf406c4d2acf6773e8"
        },
        {
          "type": "renderModule",
          "assetId": "0Ezdn5Imsb",
          "checksum": "024e28c6219838e2a304d686ec5b374c"
        },
        {
          "type": "cssRules",
          "assetId": "0Ezdn5Imsb",
          "checksum": "024e28c6219838e2a304d686ec5b374c"
        },
        {
          "type": "renderModule",
          "assetId": "etAplcViS1",
          "checksum": "e55d388a2bb5a22a503c2b4487b9040d"
        },
        {
          "type": "cssRules",
          "assetId": "etAplcViS1",
          "checksum": "e55d388a2bb5a22a503c2b4487b9040d"
        },
        {
          "type": "renderModule",
          "assetId": "sy_h8jTU0C",
          "checksum": "b286489f5a7d536607a97a96e142cb07"
        },
        {
          "type": "cssRules",
          "assetId": "sy_h8jTU0C",
          "checksum": "b286489f5a7d536607a97a96e142cb07"
        },
        {
          "type": "renderModule",
          "assetId": "ARTIb8ebZR",
          "checksum": "70bfafe15397d2593c01c7561d26336c"
        },
        {
          "type": "cssRules",
          "assetId": "ARTIb8ebZR",
          "checksum": "70bfafe15397d2593c01c7561d26336c"
        },
        {
          "type": "renderModule",
          "assetId": "JcClX0fByS",
          "checksum": "49980043d7f8385b943cf6f6e8f37d70"
        },
        {
          "type": "cssRules",
          "assetId": "JcClX0fByS",
          "checksum": "49980043d7f8385b943cf6f6e8f37d70"
        },
        {
          "type": "renderModule",
          "assetId": "Cnnni4YIL2",
          "checksum": "c3f09cd439434ebc85eec3e0efd2643f"
        },
        {
          "type": "cssRules",
          "assetId": "Cnnni4YIL2",
          "checksum": "c3f09cd439434ebc85eec3e0efd2643f"
        },
        {
          "type": "renderModule",
          "assetId": "FZeSYrpBP_",
          "checksum": "ba8325864e83b56493d6d6e163ffc29f"
        },
        {
          "type": "cssRules",
          "assetId": "FZeSYrpBP_",
          "checksum": "ba8325864e83b56493d6d6e163ffc29f"
        },
        {
          "type": "renderModule",
          "assetId": "vy45ulpWo2",
          "checksum": "b3e8db289e923fc95991e19e89b69f4a"
        },
        {
          "type": "cssRules",
          "assetId": "vy45ulpWo2",
          "checksum": "b3e8db289e923fc95991e19e89b69f4a"
        },
        {
          "type": "icon",
          "assetId": "kFe29aY8nX",
          "checksum": "0180da2fe0eaab4bb9889f6df2c98373"
        },
        {
          "type": "icon",
          "assetId": "mOGSgIkuAP",
          "checksum": "0d5c9433e01809547255056e5be19d8c"
        },
        {
          "type": "icon",
          "assetId": "2l6tiJVepG",
          "checksum": "b226bb119c6bc97273d2077cd3c2d10e"
        },
        {
          "type": "icon",
          "assetId": "oavS0FEkMY",
          "checksum": "da0bfd4689e6a5146b9d372fd8806220"
        },
        {
          "type": "icon",
          "assetId": "8XKsG38VyA",
          "checksum": "8fc8b5ee70b3e41627ad3a1ee4e9d6d4"
        },
        {
          "type": "icon",
          "assetId": "N2aKPRihFX",
          "checksum": "f74af65e1454f7958dd6661facc69c20"
        },
        {
          "type": "icon",
          "assetId": "acgqALQlAV",
          "checksum": "6a25132113c73d20973ef40ad78de99b"
        },
        {
          "type": "icon",
          "assetId": "JzyK3VPeiX",
          "checksum": "d73baa9a82009139fac135165e20293d"
        },
        {
          "type": "icon",
          "assetId": "RMfP-WXxa2",
          "checksum": "272f93ef0a53b477b1b081821fb5d132"
        },
        {
          "type": "icon",
          "assetId": "zKXMm6aFog",
          "checksum": "e4fd5c608dc671c005ecb3be80e28129"
        },
        {
          "type": "icon",
          "assetId": "RQMwarqxpw",
          "checksum": "7442cc32aee56eebe193727218b3402d"
        },
        {
          "type": "icon",
          "assetId": "fro1T5c8T9",
          "checksum": "40fabdfa9fb32dac231b5ac7874c469d"
        },
        {
          "type": "icon",
          "assetId": "q05AxLeoE1",
          "checksum": "1b39b512cce57d14859f02197ffdc44b"
        },
        {
          "type": "icon",
          "assetId": "fIFysn4DLQ",
          "checksum": "f6e458b5f3768e793cb1328b101cb8a5"
        },
        {
          "type": "icon",
          "assetId": "setzvz-Nz3",
          "checksum": "a6a4f220dc0916559d4d6efd658320d6"
        },
        {
          "type": "icon",
          "assetId": "2_2NrvlSmbS",
          "checksum": "cf12f7beda9d7402bed2319923b9aec7"
        },
        {
          "type": "icon",
          "assetId": "3vNcX22TxHe",
          "checksum": "ddcfd7eedf8519568441ed3136e28b82"
        },
        {
          "type": "icon",
          "assetId": "oFcX_pfmKQX",
          "checksum": "6de4e5966ea5b78be70fd9d7548c389f"
        },
        {
          "type": "icon",
          "assetId": "QnGyV5vxsJr",
          "checksum": "16dba5c42b191bf4e2f7bfd224cdcece"
        },
        {
          "type": "icon",
          "assetId": "0m0OeGMDdZr",
          "checksum": "df78a96378f8f2f07b6303779b0cf9e2"
        },
        {
          "type": "icon",
          "assetId": "1blTI83nMzN",
          "checksum": "a25f1455a0ad0d5dacb4ce9de375c97a"
        },
        {
          "type": "icon",
          "assetId": "-bDAojU6EO3",
          "checksum": "92c725fe7f882e85430a04b0ca8284a9"
        },
        {
          "type": "image",
          "assetId": "Q11J3rNFi",
          "checksum": "7559cd686ec9310e92b3544b95148769"
        },
        {
          "type": "image",
          "assetId": "J-LvM0RU1HB",
          "checksum": "4fecbc52abe8862f8319d0909328ab42"
        },
        {
          "type": "image",
          "assetId": "FBE1hUh1m",
          "checksum": "e4a9cd9991ab81b50660c028197d3a8b"
        }
      ],
      "codegenVersion": "0.0.1"
    },
    {
      "projectId": "7nJ7UcFmq9UzB6eXfC5z4a",
      "version": "0.10.0",
      "dependencies": {},
      "lang": "ts",
      "fileLocks": [
        {
          "assetId": "7nJ7UcFmq9UzB6eXfC5z4a",
          "type": "projectCss",
          "checksum": "10294d56dbcf17babdcfdb66788b10ea"
        }
      ],
      "codegenVersion": "0.0.1"
    },
    {
      "projectId": "58GpZjZCWTaJ8AUhpCwt2K",
      "version": "3.10.0",
      "dependencies": {},
      "lang": "ts",
      "fileLocks": [
        {
          "assetId": "58GpZjZCWTaJ8AUhpCwt2K",
          "type": "projectCss",
          "checksum": "4021e0479e54ee375d24a6900ea396ce"
        }
      ],
      "codegenVersion": "0.0.1"
    }
  ],
  "cliVersion": "0.1.231"
}
